lockfileVersion: '9.0'

settings:
  autoInstallPeers: true
  excludeLinksFromLockfile: false

importers:

  .:
    dependencies:
      '@microsoft/fetch-event-source':
        specifier: ^2.0.1
        version: 2.0.1
    devDependencies:
      typescript:
        specifier: ^5.9.3
        version: 5.9.3

packages:

  '@microsoft/fetch-event-source@2.0.1':
    resolution: {integrity: sha512-W6CLUJ2eBMw3Rec70qrsEW0jOm/3twwJv21mrmj2yORiaVmVYGS4sSS5yUwvQc1ZlDLYGPnClVWmUUMagKNsfA==}

  typescript@5.9.3:
    resolution: {integrity: sha512-jl1vZzPDinLr9eUt3J/t7V6FgNEw9QjvBPdysz9KfQDD41fQrC2Y4vKQdiaUpFT4bXlb1RHhLpp8wtm6M5TgSw==}
    engines: {node: '>=14.17'}
    hasBin: true

snapshots:

  '@microsoft/fetch-event-source@2.0.1': {}

  typescript@5.9.3: {}
